hash: dda5283a24083c1e377a9b6702a9c94e57e4bb13cf553279dfed58a41c04136d
updated: 2017-11-11T13:33:29.0100716+01:00
imports:
- name: github.com/dankeroni/gotwitch
  version: c7221015253bf2ca50c8fd1cc5f584098d17c7b5
- name: github.com/dankeroni/jsonapi
  version: 7aa17e21f3231f66a63c9be3c86bccc5e2a22cd1
- name: github.com/gempir/go-twitch-irc
  version: fe0f0c9e22a3decbfd392643cfde5d9f4e09bac3
testImports: []
